
Microsoft Visual Studio Solution File, Format Version 12.00
# Visual Studio 15
Project("{FAE04EC0-301F-11D3-BF4B-00C04F79EFBC}") = "NewRelic.Agent", "NewRelic.Agent.csproj", "{6305255A-07D3-103F-1BEB-FD57A6E5C576}"
EndProject
Project("{FAE04EC0-301F-11D3-BF4B-00C04F79EFBC}") = "Assembly-CSharp", "Assembly-CSharp.csproj", "{C48DA42C-1097-21AF-A85A-D82B1AECDC91}"
EndProject
Project("{FAE04EC0-301F-11D3-BF4B-00C04F79EFBC}") = "NewRelic.Agent.Editor", "NewRelic.Agent.Editor.csproj", "{069E0C75-7DBA-A11E-8882-359C48D4087D}"
EndProject
Global
	GlobalSection(SolutionConfigurationPlatforms) = preSolution
		Debug|Any CPU = Debug|Any CPU
		Release|Any CPU = Release|Any CPU
	EndGlobalSection
	GlobalSection(ProjectConfigurationPlatforms) = postSolution
		{6305255A-07D3-103F-1BEB-FD57A6E5C576}.Debug|Any CPU.ActiveCfg = Debug|Any CPU
		{6305255A-07D3-103F-1BEB-FD57A6E5C576}.Debug|Any CPU.Build.0 = Debug|Any CPU
		{6305255A-07D3-103F-1BEB-FD57A6E5C576}.Release|Any CPU.ActiveCfg = Release|Any CPU
		{6305255A-07D3-103F-1BEB-FD57A6E5C576}.Release|Any CPU.Build.0 = Release|Any CPU
		{C48DA42C-1097-21AF-A85A-D82B1AECDC91}.Debug|Any CPU.ActiveCfg = Debug|Any CPU
		{C48DA42C-1097-21AF-A85A-D82B1AECDC91}.Debug|Any CPU.Build.0 = Debug|Any CPU
		{C48DA42C-1097-21AF-A85A-D82B1AECDC91}.Release|Any CPU.ActiveCfg = Release|Any CPU
		{C48DA42C-1097-21AF-A85A-D82B1AECDC91}.Release|Any CPU.Build.0 = Release|Any CPU
		{069E0C75-7DBA-A11E-8882-359C48D4087D}.Debug|Any CPU.ActiveCfg = Debug|Any CPU
		{069E0C75-7DBA-A11E-8882-359C48D4087D}.Debug|Any CPU.Build.0 = Debug|Any CPU
		{069E0C75-7DBA-A11E-8882-359C48D4087D}.Release|Any CPU.ActiveCfg = Release|Any CPU
		{069E0C75-7DBA-A11E-8882-359C48D4087D}.Release|Any CPU.Build.0 = Release|Any CPU
	EndGlobalSection
	GlobalSection(SolutionProperties) = preSolution
		HideSolutionNode = FALSE
	EndGlobalSection
EndGlobal
